// !$*UTF8*$!
{
	archiveVersion = 1;
	classes = {
	};
	objectVersion = 50;
	objects = {

/* Begin PBXBuildFile section */
		3C1BE50006964D995BFED26E /* libPods-Ghost Network.a in Frameworks */ = {isa = PBXBuildFile; fileRef = FB0C0DF8FF64EB715B2EF9E6 /* libPods-Ghost Network.a */; };
		FAD570BD269438EF009C0AA9 /* AppDelegate.swift in Sources */ = {isa = PBXBuildFile; fileRef = FAD570BC269438EF009C0AA9 /* AppDelegate.swift */; };
		FAD570BF269438EF009C0AA9 /* SceneDelegate.swift in Sources */ = {isa = PBXBuildFile; fileRef = FAD570BE269438EF009C0AA9 /* SceneDelegate.swift */; };
		FAD570C1269438EF009C0AA9 /* ViewController.swift in Sources */ = {isa = PBXBuildFile; fileRef = FAD570C0269438EF009C0AA9 /* ViewController.swift */; };
		FAD570C4269438EF009C0AA9 /* Main.storyboard in Resources */ = {isa = PBXBuildFile; fileRef = FAD570C2269438EF009C0AA9 /* Main.storyboard */; };
		FAD570C6269438F2009C0AA9 /* Assets.xcassets in Resources */ = {isa = PBXBuildFile; fileRef = FAD570C5269438F2009C0AA9 /* Assets.xcassets */; };
		FAD570C9269438F2009C0AA9 /* LaunchScreen.storyboard in Resources */ = {isa = PBXBuildFile; fileRef = FAD570C7269438F2009C0AA9 /* LaunchScreen.storyboard */; };
/* End PBXBuildFile section */

/* Begin PBXFileReference section */
		9C9C78C9E8A246C896B46016 /* Pods-Ghost Network.release.xcconfig */ = {isa = PBXFileReference; includeInIndex = 1; lastKnownFileType = text.xcconfig; name = "Pods-Ghost Network.release.xcconfig"; path = "Target Support Files/Pods-Ghost Network/Pods-Ghost Network.release.xcconfig"; sourceTree = "<group>"; };
		A358C1B6683B9AF45CF804A3 /* Pods-Ghost Network.debug.xcconfig */ = {isa = PBXFileReference; includeInIndex = 1; lastKnownFileType = text.xcconfig; name = "Pods-Ghost Network.debug.xcconfig"; path = "Target Support Files/Pods-Ghost Network/Pods-Ghost Network.debug.xcconfig"; sourceTree = "<group>"; };
		FAD570B9269438EF009C0AA9 /* Ghost Network.app */ = {isa = PBXFileReference; explicitFileType = wrapper.application; includeInIndex = 0; path = "Ghost Network.app"; sourceTree = BUILT_PRODUCTS_DIR; };
		FAD570BC269438EF009C0AA9 /* AppDelegate.swift */ = {isa = PBXFileReference; lastKnownFileType = sourcecode.swift; path = AppDelegate.swift; sourceTree = "<group>"; };
		FAD570BE269438EF009C0AA9 /* SceneDelegate.swift */ = {isa = PBXFileReference; lastKnownFileType = sourcecode.swift; path = SceneDelegate.swift; sourceTree = "<group>"; };
		FAD570C0269438EF009C0AA9 /* ViewController.swift */ = {isa = PBXFileReference; lastKnownFileType = sourcecode.swift; path = ViewController.swift; sourceTree = "<group>"; };
		FAD570C3269438EF009C0AA9 /* Base */ = {isa = PBXFileReference; lastKnownFileType = file.storyboard; name = Base; path = Base.lproj/Main.storyboard; sourceTree = "<group>"; };
		FAD570C5269438F2009C0AA9 /* Assets.xcassets */ = {isa = PBXFileReference; lastKnownFileType = folder.assetcatalog; path = Assets.xcassets; sourceTree = "<group>"; };
		FAD570C8269438F2009C0AA9 /* Base */ = {isa = PBXFileReference; lastKnownFileType = file.storyboard; name = Base; path = Base.lproj/LaunchScreen.storyboard; sourceTree = "<group>"; };
		FAD570CA269438F2009C0AA9 /* Info.plist */ = {isa = PBXFileReference; lastKnownFileType = text.plist.xml; path = Info.plist; sourceTree = "<group>"; };
		FB0C0DF8FF64EB715B2EF9E6 /* libPods-Ghost Network.a */ = {isa = PBXFileReference; explicitFileType = archive.ar; includeInIndex = 0; path = "libPods-Ghost Network.a"; sourceTree = BUILT_PRODUCTS_DIR; };
/* End PBXFileReference section */

/* Begin PBXFrameworksBuildPhase section */
		FAD570B6269438EF009C0AA9 /* Frameworks */ = {
			isa = PBXFrameworksBuildPhase;
			buildActionMask = 2147483647;
			files = (
				3C1BE50006964D995BFED26E /* libPods-Ghost Network.a in Frameworks */,
			);
			runOnlyForDeploymentPostprocessing = 0;
		};
/* End PBXFrameworksBuildPhase section */

/* Begin PBXGroup section */
		B4B0E2BE0CA24C306E7AEAD3 /* Pods */ = {
			isa = PBXGroup;
			children = (
				A358C1B6683B9AF45CF804A3 /* Pods-Ghost Network.debug.xcconfig */,
				9C9C78C9E8A246C896B46016 /* Pods-Ghost Network.release.xcconfig */,
			);
			name = Pods;
			path = Pods;
			sourceTree = "<group>";
		};
		C73B86AB838C783EADEF7D10 /* Frameworks */ = {
			isa = PBXGroup;
			children = (
				FB0C0DF8FF64EB715B2EF9E6 /* libPods-Ghost Network.a */,
			);
			name = Frameworks;
			sourceTree = "<group>";
		};
		FAD570B0269438EF009C0AA9 = {
			isa = PBXGroup;
			children = (
				FAD570BB269438EF009C0AA9 /* Ghost Network */,
				FAD570BA269438EF009C0AA9 /* Products */,
				B4B0E2BE0CA24C306E7AEAD3 /* Pods */,
				C73B86AB838C783EADEF7D10 /* Frameworks */,
			);
			sourceTree = "<group>";
		};
		FAD570BA269438EF009C0AA9 /* Products */ = {
			isa = PBXGroup;
			children = (
				FAD570B9269438EF009C0AA9 /* Ghost Network.app */,
			);
			name = Products;
			sourceTree = "<group>";
		};
		FAD570BB269438EF009C0AA9 /* Ghost Network */ = {
			isa = PBXGroup;
			children = (
				FAD570D026944324009C0AA9 /* Model */,
				FAD570D126944334009C0AA9 /* View */,
				FAD570D22694433F009C0AA9 /* Controller */,
				FAD570BC269438EF009C0AA9 /* AppDelegate.swift */,
				FAD570BE269438EF009C0AA9 /* SceneDelegate.swift */,
				FAD570C0269438EF009C0AA9 /* ViewController.swift */,
				FAD570C2269438EF009C0AA9 /* Main.storyboard */,
				FAD570C5269438F2009C0AA9 /* Assets.xcassets */,
				FAD570C7269438F2009C0AA9 /* LaunchScreen.storyboard */,
				FAD570CA269438F2009C0AA9 /* Info.plist */,
			);
			path = "Ghost Network";
			sourceTree = "<group>";
		};
		FAD570D026944324009C0AA9 /* Model */ = {
			isa = PBXGroup;
			children = (
			);
			path = Model;
			sourceTree = "<group>";
		};
		FAD570D126944334009C0AA9 /* View */ = {
			isa = PBXGroup;
			children = (
			);
			path = View;
			sourceTree = "<group>";
		};
		FAD570D22694433F009C0AA9 /* Controller */ = {
			isa = PBXGroup;
			children = (
			);
			path = Controller;
			sourceTree = "<group>";
		};
/* End PBXGroup section */

/* Begin PBXNativeTarget section */
		FAD570B8269438EF009C0AA9 /* Ghost Network */ = {
			isa = PBXNativeTarget;
			buildConfigurationList = FAD570CD269438F2009C0AA9 /* Build configuration list for PBXNativeTarget "Ghost Network" */;
			buildPhases = (
				518B85C956696BD92D8128E0 /* [CP] Check Pods Manifest.lock */,
				FAD570B5269438EF009C0AA9 /* Sources */,
				FAD570B6269438EF009C0AA9 /* Frameworks */,
				FAD570B7269438EF009C0AA9 /* Resources */,
			);
			buildRules = (
			);
			dependencies = (
			);
			name = "Ghost Network";
			productName = "Ghost Network";
			productReference = FAD570B9269438EF009C0AA9 /* Ghost Network.app */;
			productType = "com.apple.product-type.application";
		};
/* End PBXNativeTarget section */

/* Begin PBXProject section */
		FAD570B1269438EF009C0AA9 /* Project object */ = {
			isa = PBXProject;
			attributes = {
				LastSwiftUpdateCheck = 1250;
				LastUpgradeCheck = 1250;
				TargetAttributes = {
					FAD570B8269438EF009C0AA9 = {
						CreatedOnToolsVersion = 12.5.1;
					};
				};
			};
			buildConfigurationList = FAD570B4269438EF009C0AA9 /* Build configuration list for PBXProject "Ghost Network" */;
			compatibilityVersion = "Xcode 9.3";
			developmentRegion = en;
			hasScannedForEncodings = 0;
			knownRegions = (
				en,
				Base,
			);
			mainGroup = FAD570B0269438EF009C0AA9;
			productRefGroup = FAD570BA269438EF009C0AA9 /* Products */;
			projectDirPath = "";
			projectRoot = "";
			targets = (
				FAD570B8269438EF009C0AA9 /* Ghost Network */,
			);
		};
/* End PBXProject section */

/* Begin PBXResourcesBuildPhase section */
		FAD570B7269438EF009C0AA9 /* Resources */ = {
			isa = PBXResourcesBuildPhase;
			buildActionMask = 2147483647;
			files = (
				FAD570C9269438F2009C0AA9 /* LaunchScreen.storyboard in Resources */,
				FAD570C6269438F2009C0AA9 /* Assets.xcassets in Resources */,
				FAD570C4269438EF009C0AA9 /* Main.storyboard in Resources */,
			);
			runOnlyForDeploymentPostprocessing = 0;
		};
/* End PBXResourcesBuildPhase section */

/* Begin PBXShellScriptBuildPhase section */
		518B85C956696BD92D8128E0 /* [CP] Check Pods Manifest.lock */ = {
			isa = PBXShellScriptBuildPhase;
			buildActionMask = 2147483647;
			files = (
			);
			inputFileListPaths = (
			);
			inputPaths = (
				"${PODS_PODFILE_DIR_PATH}/Podfile.lock",
				"${PODS_ROOT}/Manifest.lock",
			);
			name = "[CP] Check Pods Manifest.lock";
			outputFileListPaths = (
			);
			outputPaths = (
				"$(DERIVED_FILE_DIR)/Pods-Ghost Network-checkManifestLockResult.txt",
			);
			runOnlyForDeploymentPostprocessing = 0;
			shellPath = /bin/sh;
			shellScript = "diff \"${PODS_PODFILE_DIR_PATH}/Podfile.lock\" \"${PODS_ROOT}/Manifest.lock\" > /dev/null\nif [ $? != 0 ] ; then\n    # print error to STDERR\n    echo \"error: The sandbox is not in sync with the Podfile.lock. Run 'pod install' or update your CocoaPods installation.\" >&2\n    exit 1\nfi\n# This output is used by Xcode 'outputs' to avoid re-running this script phase.\necho \"SUCCESS\" > \"${SCRIPT_OUTPUT_FILE_0}\"\n";
			showEnvVarsInLog = 0;
		};
/* End PBXShellScriptBuildPhase section */

/* Begin PBXSourcesBuildPhase section */
		FAD570B5269438EF009C0AA9 /* Sources */ = {
			isa = PBXSourcesBuildPhase;
			buildActionMask = 2147483647;
			files = (
				FAD570C1269438EF009C0AA9 /* ViewController.swift in Sources */,
				FAD570BD269438EF009C0AA9 /* AppDelegate.swift in Sources */,
				FAD570BF269438EF009C0AA9 /* SceneDelegate.swift in Sources */,
			);
			runOnlyForDeploymentPostprocessing = 0;
		};
/* End PBXSourcesBuildPhase section */

/* Begin PBXVariantGroup section */
		FAD570C2269438EF009C0AA9 /* Main.storyboard */ = {
			isa = PBXVariantGroup;
			children = (
				FAD570C3269438EF009C0AA9 /* Base */,
			);
			name = Main.storyboard;
			sourceTree = "<group>";
		};
		FAD570C7269438F2009C0AA9 /* LaunchScreen.storyboard */ = {
			isa = PBXVariantGroup;
			children = (
				FAD570C8269438F2009C0AA9 /* Base */,
			);
			name = LaunchScreen.storyboard;
			sourceTree = "<group>";
		};
/* End PBXVariantGroup section */

/* Begin XCBuildConfiguration section */
		FAD570CB269438F2009C0AA9 /* Debug */ = {
			isa = XCBuildConfiguration;
			buildSettings = {
				ALWAYS_SEARCH_USER_PATHS = NO;
				CLANG_ANALYZER_NONNULL = YES;
				CLANG_ANALYZER_NUMBER_OBJECT_CONVERSION = YES_AGGRESSIVE;
				CLANG_CXX_LANGUAGE_STANDARD = "gnu++14";
				CLANG_CXX_LIBRARY = "libc++";
				CLANG_ENABLE_MODULES = YES;
				CLANG_ENABLE_OBJC_ARC = YES;
				CLANG_ENABLE_OBJC_WEAK = YES;
				CLANG_WARN_BLOCK_CAPTURE_AUTORELEASING = YES;
				CLANG_WARN_BOOL_CONVERSION = YES;
				CLANG_WARN_COMMA = YES;
				CLANG_WARN_CONSTANT_CONVERSION = YES;
				CLANG_WARN_DEPRECATED_OBJC_IMPLEMENTATIONS = YES;
				CLANG_WARN_DIRECT_OBJC_ISA_USAGE = YES_ERROR;
				CLANG_WARN_DOCUMENTATION_COMMENTS = YES;
				CLANG_WARN_EMPTY_BODY = YES;
				CLANG_WARN_ENUM_CONVERSION = YES;
				CLANG_WARN_INFINITE_RECURSION = YES;
				CLANG_WARN_INT_CONVERSION = YES;
				CLANG_WARN_NON_LITERAL_NULL_CONVERSION = YES;
				CLANG_WARN_OBJC_IMPLICIT_RETAIN_SELF = YES;
				CLANG_WARN_OBJC_LITERAL_CONVERSION = YES;
				CLANG_WARN_OBJC_ROOT_CLASS = YES_ERROR;
				CLANG_WARN_QUOTED_INCLUDE_IN_FRAMEWORK_HEADER = YES;
				CLANG_WARN_RANGE_LOOP_ANALYSIS = YES;
				CLANG_WARN_STRICT_PROTOTYPES = YES;
				CLANG_WARN_SUSPICIOUS_MOVE = YES;
				CLANG_WARN_UNGUARDED_AVAILABILITY = YES_AGGRESSIVE;
				CLANG_WARN_UNREACHABLE_CODE = YES;
				CLANG_WARN__DUPLICATE_METHOD_MATCH = YES;
				COPY_PHASE_STRIP = NO;
				DEBUG_INFORMATION_FORMAT = dwarf;
				ENABLE_STRICT_OBJC_MSGSEND = YES;
				ENABLE_TESTABILITY = YES;
				GCC_C_LANGUAGE_STANDARD = gnu11;
				GCC_DYNAMIC_NO_PIC = NO;
				GCC_NO_COMMON_BLOCKS = YES;
				GCC_OPTIMIZATION_LEVEL = 0;
				GCC_PREPROCESSOR_DEFINITIONS = (
					"DEBUG=1",
					"$(inherited)",
				);
				GCC_WARN_64_TO_32_BIT_CONVERSION = YES;
				GCC_WARN_ABOUT_RETURN_TYPE = YES_ERROR;
				GCC_WARN_UNDECLARED_SELECTOR = YES;
				GCC_WARN_UNINITIALIZED_AUTOS = YES_AGGRESSIVE;
				GCC_WARN_UNUSED_FUNCTION = YES;
				GCC_WARN_UNUSED_VARIABLE = YES;
				IPHONEOS_DEPLOYMENT_TARGET = 14.5;
				MTL_ENABLE_DEBUG_INFO = INCLUDE_SOURCE;
				MTL_FAST_MATH = YES;
				ONLY_ACTIVE_ARCH = YES;
				SDKROOT = iphoneos;
				SWIFT_ACTIVE_COMPILATION_CONDITIONS = DEBUG;
				SWIFT_OPTIMIZATION_LEVEL = "-Onone";
			};
			name = Debug;
		};
		FAD570CC269438F2009C0AA9 /* Release */ = {
			isa = XCBuildConfiguration;
			buildSettings = {
				ALWAYS_SEARCH_USER_PATHS = NO;
				CLANG_ANALYZER_NONNULL = YES;
				CLANG_ANALYZER_NUMBER_OBJECT_CONVERSION = YES_AGGRESSIVE;
				CLANG_CXX_LANGUAGE_STANDARD = "gnu++14";
				CLANG_CXX_LIBRARY = "libc++";
				CLANG_ENABLE_MODULES = YES;
				CLANG_ENABLE_OBJC_ARC = YES;
				CLANG_ENABLE_OBJC_WEAK = YES;
				CLANG_WARN_BLOCK_CAPTURE_AUTORELEASING = YES;
				CLANG_WARN_BOOL_CONVERSION = YES;
				CLANG_WARN_COMMA = YES;
				CLANG_WARN_CONSTANT_CONVERSION = YES;
				CLANG_WARN_DEPRECATED_OBJC_IMPLEMENTATIONS = YES;
				CLANG_WARN_DIRECT_OBJC_ISA_USAGE = YES_ERROR;
				CLANG_WARN_DOCUMENTATION_COMMENTS = YES;
				CLANG_WARN_EMPTY_BODY = YES;
				CLANG_WARN_ENUM_CONVERSION = YES;
				CLANG_WARN_INFINITE_RECURSION = YES;
				CLANG_WARN_INT_CONVERSION = YES;
				CLANG_WARN_NON_LITERAL_NULL_CONVERSION = YES;
				CLANG_WARN_OBJC_IMPLICIT_RETAIN_SELF = YES;
				CLANG_WARN_OBJC_LITERAL_CONVERSION = YES;
				CLANG_WARN_OBJC_ROOT_CLASS = YES_ERROR;
				CLANG_WARN_QUOTED_INCLUDE_IN_FRAMEWORK_HEADER = YES;
				CLANG_WARN_RANGE_LOOP_ANALYSIS = YES;
				CLANG_WARN_STRICT_PROTOTYPES = YES;
				CLANG_WARN_SUSPICIOUS_MOVE = YES;
				CLANG_WARN_UNGUARDED_AVAILABILITY = YES_AGGRESSIVE;
				CLANG_WARN_UNREACHABLE_CODE = YES;
				CLANG_WARN__DUPLICATE_METHOD_MATCH = YES;
				COPY_PHASE_STRIP = NO;
				DEBUG_INFORMATION_FORMAT = "dwarf-with-dsym";
				ENABLE_NS_ASSERTIONS = NO;
				ENABLE_STRICT_OBJC_MSGSEND = YES;
				GCC_C_LANGUAGE_STANDARD = gnu11;
				GCC_NO_COMMON_BLOCKS = YES;
				GCC_WARN_64_TO_32_BIT_CONVERSION = YES;
				GCC_WARN_ABOUT_RETURN_TYPE = YES_ERROR;
				GCC_WARN_UNDECLARED_SELECTOR = YES;
				GCC_WARN_UNINITIALIZED_AUTOS = YES_AGGRESSIVE;
				GCC_WARN_UNUSED_FUNCTION = YES;
				GCC_WARN_UNUSED_VARIABLE = YES;
				IPHONEOS_DEPLOYMENT_TARGET = 14.5;
				MTL_ENABLE_DEBUG_INFO = NO;
				MTL_FAST_MATH = YES;
				SDKROOT = iphoneos;
				SWIFT_COMPILATION_MODE = wholemodule;
				SWIFT_OPTIMIZATION_LEVEL = "-O";
				VALIDATE_PRODUCT = YES;
			};
			name = Release;
		};
		FAD570CE269438F2009C0AA9 /* Debug */ = {
			isa = XCBuildConfiguration;
			baseConfigurationReference = A358C1B6683B9AF45CF804A3 /* Pods-Ghost Network.debug.xcconfig */;
			buildSettings = {
				ASSETCATALOG_COMPILER_APPICON_NAME = AppIcon;
				ASSETCATALOG_COMPILER_GLOBAL_ACCENT_COLOR_NAME = AccentColor;
				CODE_SIGN_STYLE = Automatic;
				DEVELOPMENT_TEAM = P24TR9BDCM;
				INFOPLIST_FILE = "Ghost Network/Info.plist";
				LD_RUNPATH_SEARCH_PATHS = (
					"$(inherited)",
					"@executable_path/Frameworks",
				);
				PRODUCT_BUNDLE_IDENTIFIER = "com.PohorielovIvan.Ghost-Network";
				PRODUCT_NAME = "$(TARGET_NAME)";
				SWIFT_VERSION = 5.0;
				TARGETED_DEVICE_FAMILY = "1,2";
			};
			name = Debug;
		};
		FAD570CF269438F2009C0AA9 /* Release */ = {
			isa = XCBuildConfiguration;
			baseConfigurationReference = 9C9C78C9E8A246C896B46016 /* Pods-Ghost Network.release.xcconfig */;
			buildSettings = {
				ASSETCATALOG_COMPILER_APPICON_NAME = AppIcon;
				ASSETCATALOG_COMPILER_GLOBAL_ACCENT_COLOR_NAME = AccentColor;
				CODE_SIGN_STYLE = Automatic;
				DEVELOPMENT_TEAM = P24TR9BDCM;
				INFOPLIST_FILE = "Ghost Network/Info.plist";
				LD_RUNPATH_SEARCH_PATHS = (
					"$(inherited)",
					"@executable_path/Frameworks",
				);
				PRODUCT_BUNDLE_IDENTIFIER = "com.PohorielovIvan.Ghost-Network";
				PRODUCT_NAME = "$(TARGET_NAME)";
				SWIFT_VERSION = 5.0;
				TARGETED_DEVICE_FAMILY = "1,2";
			};
			name = Release;
		};
/* End XCBuildConfiguration section */

/* Begin XCConfigurationList section */
		FAD570B4269438EF009C0AA9 /* Build configuration list for PBXProject "Ghost Network" */ = {
			isa = XCConfigurationList;
			buildConfigurations = (
				FAD570CB269438F2009C0AA9 /* Debug */,
				FAD570CC269438F2009C0AA9 /* Release */,
			);
			defaultConfigurationIsVisible = 0;
			defaultConfigurationName = Release;
		};
		FAD570CD269438F2009C0AA9 /* Build configuration list for PBXNativeTarget "Ghost Network" */ = {
			isa = XCConfigurationList;
			buildConfigurations = (
				FAD570CE269438F2009C0AA9 /* Debug */,
				FAD570CF269438F2009C0AA9 /* Release */,
			);
			defaultConfigurationIsVisible = 0;
			defaultConfigurationName = Release;
		};
/* End XCConfigurationList section */
	};
	rootObject = FAD570B1269438EF009C0AA9 /* Project object */;
}
